substitutions:
  name: default
  dname: ${name}-clk
  uname: ${name}_clk

esphome:
  platformio_options:
    board_build.flash_size: 8MB
    board_upload.maximum_size: 8388608
  name: ${dname}
  includes: 
    - <Adafruit_LEDBackpack.h>
  libraries:
    - "Wire"
    - "SPI"
    - "Adafruit BusIO"
    - "Adafruit GFX Library"
    - "Adafruit LED Backpack Library"

esp32:
  board: adafruit_feather_esp32s3
  flash_size: 8MB
  framework:
    type: arduino

logger:

ota:
  platform: esphome

wifi:
  ssid: !secret wifi_ssid
  password: !secret wifi_ssid_password

api:

# the ESP32 board used has i2c on non-standard pins
i2c:
  sda: 3
  scl: 4

time:
  - platform: homeassistant
    id: homeassistant_time
    on_time:
      - seconds: 0
        minutes: /1 # Update every minute
        then:
          - script.execute: time_update    
    on_time_sync:
      then:
        - script.execute: time_update

globals:
  - id: brightness
    type: int
    restore_value: yes
    initial_value: '8'

script:
  - id: time_update
    then:
      - lambda: |-
          static Adafruit_7segment clock = Adafruit_7segment();
          int hours = id(homeassistant_time).now().hour;
          int minutes = id(homeassistant_time).now().minute;
          if (hours > 12) {
            hours = hours - 12;
          } else if ( hours == 0) {
            hours = 12;
          };
          int displayValue = hours*100 + minutes;
          clock.begin(0x70);
          clock.setBrightness(id(brightness));
          clock.print(displayValue, DEC);
          clock.drawColon(1);
          clock.writeDisplay();

# setup display dimmer
number:
  - platform: template
    name: brightness
    min_value: 0
    max_value: 15
    step: 1
    optimistic: true
    restore_value: true
    initial_value: 8
    set_action:
      - lambda: |-
          id(brightness) = x;
      - script.execute: time_update

button:
  - platform: restart
    name: restart
  - platform: safe_mode
    name: restart safe
    icon: mdi:restart-alert

binary_sensor:
  - platform: status
    name: status

sensor:
  - platform: wifi_signal
    name:  wifi signal
    update_interval: 60s
